<?xml version="1.0" encoding="utf-8"?>
<Project xmlns="http://schemas.microsoft.com/developer/msbuild/2003">
  <ItemGroup>
    <Filter Include="Generated Files">
      <UniqueIdentifier>{71ED8ED8-ACB9-4CE9-BBE1-E00B30144E11}</UniqueIdentifier>
      <Extensions>cpp;c;cxx;moc;h;def;odl;idl;res;</Extensions>
    </Filter>
    <Filter Include="Generated Files">
      <UniqueIdentifier>{71ED8ED8-ACB9-4CE9-BBE1-E00B30144E11}</UniqueIdentifier>
      <Extensions>cpp;c;cxx;moc;h;def;odl;idl;res;</Extensions>
    </Filter>
    <Filter Include="Header Files">
      <UniqueIdentifier>{93995380-89BD-4b04-88EB-625FBE52EBFB}</UniqueIdentifier>
      <Extensions>h;hpp;hxx;hm;inl;inc;xsd</Extensions>
    </Filter>
    <Filter Include="Header Files">
      <UniqueIdentifier>{93995380-89BD-4b04-88EB-625FBE52EBFB}</UniqueIdentifier>
      <Extensions>h;hpp;hxx;hm;inl;inc;xsd</Extensions>
    </Filter>
    <Filter Include="Resource Files">
      <UniqueIdentifier>{D9D6E242-F8AF-46E4-B9FD-80ECBC20BA3E}</UniqueIdentifier>
      <Extensions>qrc;*</Extensions>
      <ParseFiles>false</ParseFiles>
    </Filter>
    <Filter Include="Resource Files">
      <UniqueIdentifier>{D9D6E242-F8AF-46E4-B9FD-80ECBC20BA3E}</UniqueIdentifier>
      <Extensions>qrc;*</Extensions>
      <ParseFiles>false</ParseFiles>
    </Filter>
    <Filter Include="Source Files">
      <UniqueIdentifier>{4FC737F1-C7A5-4376-A066-2A32D752A2FF}</UniqueIdentifier>
      <Extensions>cpp;c;cxx;def;odl;idl;hpj;bat;asm;asmx</Extensions>
    </Filter>
    <Filter Include="Source Files">
      <UniqueIdentifier>{4FC737F1-C7A5-4376-A066-2A32D752A2FF}</UniqueIdentifier>
      <Extensions>cpp;c;cxx;def;odl;idl;hpj;bat;asm;asmx</Extensions>
    </Filter>
  </ItemGroup>
  <ItemGroup>
    <ClCompile Include="GLExtensionsManager.cpp">
      <Filter>Source Files</Filter>
    </ClCompile>
    <ClCompile Include="GLLogStream.cpp">
      <Filter>Source Files</Filter>
    </ClCompile>
    <ClCompile Include="ml_document\cmesh.cpp">
      <Filter>Source Files</Filter>
    </ClCompile>
    <ClCompile Include="plugins\interfaces\decorate_plugin.cpp">
      <Filter>Source Files</Filter>
    </ClCompile>
    <ClCompile Include="plugins\containers\decorate_plugin_container.cpp">
      <Filter>Source Files</Filter>
    </ClCompile>
    <ClCompile Include="plugins\containers\edit_plugin_container.cpp">
      <Filter>Source Files</Filter>
    </ClCompile>
    <ClCompile Include="utilities\eigen_mesh_conversions.cpp">
      <Filter>Source Files</Filter>
    </ClCompile>
    <ClCompile Include="..\external\easyexif\exif.cpp">
      <Filter>Source Files</Filter>
    </ClCompile>
    <ClCompile Include="plugins\interfaces\filter_plugin.cpp">
      <Filter>Source Files</Filter>
    </ClCompile>
    <ClCompile Include="plugins\containers\filter_plugin_container.cpp">
      <Filter>Source Files</Filter>
    </ClCompile>
    <ClCompile Include="filterscript.cpp">
      <Filter>Source Files</Filter>
    </ClCompile>
    <ClCompile Include="python\function.cpp">
      <Filter>Source Files</Filter>
    </ClCompile>
    <ClCompile Include="python\function_parameter.cpp">
      <Filter>Source Files</Filter>
    </ClCompile>
    <ClCompile Include="python\function_set.cpp">
      <Filter>Source Files</Filter>
    </ClCompile>
    <ClCompile Include="..\external\glew-2.1.0\src\glew.c">
      <Filter>Source Files</Filter>
    </ClCompile>
    <ClCompile Include="globals.cpp">
      <Filter>Source Files</Filter>
    </ClCompile>
    <ClCompile Include="plugins\interfaces\io_plugin.cpp">
      <Filter>Source Files</Filter>
    </ClCompile>
    <ClCompile Include="plugins\containers\io_plugin_container.cpp">
      <Filter>Source Files</Filter>
    </ClCompile>
    <ClCompile Include="utilities\load_save.cpp">
      <Filter>Source Files</Filter>
    </ClCompile>
    <ClCompile Include="ml_document\mesh_document.cpp">
      <Filter>Source Files</Filter>
    </ClCompile>
    <ClCompile Include="ml_document\helpers\mesh_document_state_data.cpp">
      <Filter>Source Files</Filter>
    </ClCompile>
    <ClCompile Include="ml_document\mesh_model.cpp">
      <Filter>Source Files</Filter>
    </ClCompile>
    <ClCompile Include="ml_document\mesh_model_state.cpp">
      <Filter>Source Files</Filter>
    </ClCompile>
    <ClCompile Include="plugins\interfaces\meshlab_plugin_logger.cpp">
      <Filter>Source Files</Filter>
    </ClCompile>
    <ClCompile Include="plugins\meshlab_plugin_type.cpp">
      <Filter>Source Files</Filter>
    </ClCompile>
    <ClCompile Include="ml_shared_data_context\ml_plugin_gl_context.cpp">
      <Filter>Source Files</Filter>
    </ClCompile>
    <ClCompile Include="ml_shared_data_context\ml_scene_gl_shared_data_context.cpp">
      <Filter>Source Files</Filter>
    </ClCompile>
    <ClCompile Include="ml_selection_buffers.cpp">
      <Filter>Source Files</Filter>
    </ClCompile>
    <ClCompile Include="ml_shared_data_context\ml_shared_data_context.cpp">
      <Filter>Source Files</Filter>
    </ClCompile>
    <ClCompile Include="mlapplication.cpp">
      <Filter>Source Files</Filter>
    </ClCompile>
    <ClCompile Include="plugins\plugin_manager.cpp">
      <Filter>Source Files</Filter>
    </ClCompile>
    <ClCompile Include="python\python_utils.cpp">
      <Filter>Source Files</Filter>
    </ClCompile>
    <ClCompile Include="ml_document\raster_model.cpp">
      <Filter>Source Files</Filter>
    </ClCompile>
    <ClCompile Include="plugins\containers\render_plugin_container.cpp">
      <Filter>Source Files</Filter>
    </ClCompile>
    <ClCompile Include="ml_document\render_raster.cpp">
      <Filter>Source Files</Filter>
    </ClCompile>
    <ClCompile Include="parameters\rich_parameter.cpp">
      <Filter>Source Files</Filter>
    </ClCompile>
    <ClCompile Include="parameters\rich_parameter_list.cpp">
      <Filter>Source Files</Filter>
    </ClCompile>
    <ClCompile Include="searcher.cpp">
      <Filter>Source Files</Filter>
    </ClCompile>
    <ClCompile Include="parameters\value.cpp">
      <Filter>Source Files</Filter>
    </ClCompile>
  </ItemGroup>
  <ItemGroup>
    <ClInclude Include="GLExtensionsManager.h">
      <Filter>Header Files</Filter>
    </ClInclude>
    <QtMoc Include="GLLogStream.h">
      <Filter>Header Files</Filter>
    </QtMoc>
    <ClInclude Include="ml_document\base_types.h">
      <Filter>Header Files</Filter>
    </ClInclude>
    <ClInclude Include="ml_document\cmesh.h">
      <Filter>Header Files</Filter>
    </ClInclude>
    <ClInclude Include="plugins\interfaces\decorate_plugin.h">
      <Filter>Header Files</Filter>
    </ClInclude>
    <ClInclude Include="plugins\containers\decorate_plugin_container.h">
      <Filter>Header Files</Filter>
    </ClInclude>
    <ClInclude Include="plugins\interfaces\edit_plugin.h">
      <Filter>Header Files</Filter>
    </ClInclude>
    <ClInclude Include="plugins\containers\edit_plugin_container.h">
      <Filter>Header Files</Filter>
    </ClInclude>
    <ClInclude Include="utilities\eigen_mesh_conversions.h">
      <Filter>Header Files</Filter>
    </ClInclude>
    <ClInclude Include="utilities\file_format.h">
      <Filter>Header Files</Filter>
    </ClInclude>
    <ClInclude Include="plugins\interfaces\filter_plugin.h">
      <Filter>Header Files</Filter>
    </ClInclude>
    <ClInclude Include="plugins\containers\filter_plugin_container.h">
      <Filter>Header Files</Filter>
    </ClInclude>
    <QtMoc Include="filterscript.h">
      <Filter>Header Files</Filter>
    </QtMoc>
    <ClInclude Include="python\function.h">
      <Filter>Header Files</Filter>
    </ClInclude>
    <ClInclude Include="python\function_parameter.h">
      <Filter>Header Files</Filter>
    </ClInclude>
    <ClInclude Include="python\function_set.h">
      <Filter>Header Files</Filter>
    </ClInclude>
    <ClInclude Include="plugins\containers\generic_container_iterator.h">
      <Filter>Header Files</Filter>
    </ClInclude>
    <ClInclude Include="globals.h">
      <Filter>Header Files</Filter>
    </ClInclude>
    <ClInclude Include="plugins\interfaces\io_plugin.h">
      <Filter>Header Files</Filter>
    </ClInclude>
    <ClInclude Include="plugins\containers\io_plugin_container.h">
      <Filter>Header Files</Filter>
    </ClInclude>
    <ClInclude Include="utilities\load_save.h">
      <Filter>Header Files</Filter>
    </ClInclude>
    <QtMoc Include="ml_document\mesh_document.h">
      <Filter>Header Files</Filter>
    </QtMoc>
    <ClInclude Include="ml_document\helpers\mesh_document_state_data.h">
      <Filter>Header Files</Filter>
    </ClInclude>
    <ClInclude Include="ml_document\mesh_model.h">
      <Filter>Header Files</Filter>
    </ClInclude>
    <ClInclude Include="ml_document\mesh_model_state.h">
      <Filter>Header Files</Filter>
    </ClInclude>
    <ClInclude Include="ml_document\helpers\mesh_model_state_data.h">
      <Filter>Header Files</Filter>
    </ClInclude>
    <ClInclude Include="plugins\interfaces\meshlab_plugin.h">
      <Filter>Header Files</Filter>
    </ClInclude>
    <ClInclude Include="plugins\interfaces\meshlab_plugin_logger.h">
      <Filter>Header Files</Filter>
    </ClInclude>
    <ClInclude Include="plugins\meshlab_plugin_type.h">
      <Filter>Header Files</Filter>
    </ClInclude>
    <ClInclude Include="ml_shared_data_context\ml_plugin_gl_context.h">
      <Filter>Header Files</Filter>
    </ClInclude>
    <QtMoc Include="ml_shared_data_context\ml_scene_gl_shared_data_context.h">
      <Filter>Header Files</Filter>
    </QtMoc>
    <ClInclude Include="ml_selection_buffers.h">
      <Filter>Header Files</Filter>
    </ClInclude>
    <ClInclude Include="ml_shared_data_context\ml_shared_data_context.h">
      <Filter>Header Files</Filter>
    </ClInclude>
    <ClInclude Include="mlapplication.h">
      <Filter>Header Files</Filter>
    </ClInclude>
    <ClInclude Include="mlexception.h">
      <Filter>Header Files</Filter>
    </ClInclude>
    <ClInclude Include="plugins\plugin_manager.h">
      <Filter>Header Files</Filter>
    </ClInclude>
    <ClInclude Include="python\python_utils.h">
      <Filter>Header Files</Filter>
    </ClInclude>
    <ClInclude Include="ml_document\raster_model.h">
      <Filter>Header Files</Filter>
    </ClInclude>
    <ClInclude Include="plugins\interfaces\render_plugin.h">
      <Filter>Header Files</Filter>
    </ClInclude>
    <ClInclude Include="plugins\containers\render_plugin_container.h">
      <Filter>Header Files</Filter>
    </ClInclude>
    <ClInclude Include="ml_document\render_raster.h">
      <Filter>Header Files</Filter>
    </ClInclude>
    <ClInclude Include="parameters\rich_parameter.h">
      <Filter>Header Files</Filter>
    </ClInclude>
    <ClInclude Include="parameters\rich_parameter_list.h">
      <Filter>Header Files</Filter>
    </ClInclude>
    <ClInclude Include="parameters\value.h">
      <Filter>Header Files</Filter>
    </ClInclude>
  </ItemGroup>
  <ItemGroup>
    
    
    
    
    
    
    
    
    <CustomBuild Include="debug\moc_predefs.h.cbt">
      <Filter>Generated Files</Filter>
    </CustomBuild>
    <CustomBuild Include="release\moc_predefs.h.cbt">
      <Filter>Generated Files</Filter>
    </CustomBuild>
    
    
  </ItemGroup>
  <ItemGroup>
    <None Include="img\dummy.png">
      <Filter>Resource Files</Filter>
    </None>
    <QtRcc Include="meshlab-common.qrc">
      <Filter>Resource Files</Filter>
    </QtRcc>
  </ItemGroup>
</Project>